
Microsoft Visual Studio Solution File, Format Version 12.00
# Visual Studio Version 16
VisualStudioVersion = 16.0.29519.87
MinimumVisualStudioVersion = 10.0.40219.1
Project("{9A19103F-16F7-4668-BE54-9A1E7A4F7556}") = "PlatformApi", "PlatformApi\PlatformApi.csproj", "{ED3872DA-4CB1-4FEF-BA4C-9A8610E9622A}"
EndProject
Project("{FAE04EC0-301F-11D3-BF4B-00C04F79EFBC}") = "common", "common\common.csproj", "{3CF5EC51-780A-459B-9D87-3CE5B0C0C500}"
EndProject
Project("{FAE04EC0-301F-11D3-BF4B-00C04F79EFBC}") = "MobileClient.UWP", "MobileClient\MobileClient.UWP\MobileClient.UWP.csproj", "{E06FDAF9-88CF-44E7-9645-2AF54129B0A1}"
EndProject
Project("{FAE04EC0-301F-11D3-BF4B-00C04F79EFBC}") = "MobileClient.Android", "MobileClient\MobileClient.Android\MobileClient.Android.csproj", "{ED27DF31-D336-489C-8F14-044E1B72889E}"
EndProject
Project("{FAE04EC0-301F-11D3-BF4B-00C04F79EFBC}") = "MobileClient.iOS", "MobileClient\MobileClient.iOS\MobileClient.iOS.csproj", "{76F10F87-DBC0-4FE9-9575-32D739ECD149}"
EndProject
Project("{FAE04EC0-301F-11D3-BF4B-00C04F79EFBC}") = "MobileClient", "MobileClient\MobileClient\MobileClient.csproj", "{915AE191-2F4D-47B1-A53B-59D94CB3071B}"
EndProject
Global
	GlobalSection(SolutionConfigurationPlatforms) = preSolution
		Debug|Any CPU = Debug|Any CPU
		Debug|ARM = Debug|ARM
		Debug|iPhone = Debug|iPhone
		Debug|iPhoneSimulator = Debug|iPhoneSimulator
		Debug|x64 = Debug|x64
		Debug|x86 = Debug|x86
		Release|Any CPU = Release|Any CPU
		Release|ARM = Release|ARM
		Release|iPhone = Release|iPhone
		Release|iPhoneSimulator = Release|iPhoneSimulator
		Release|x64 = Release|x64
		Release|x86 = Release|x86
	EndGlobalSection
	GlobalSection(ProjectConfigurationPlatforms) = postSolution
		{ED3872DA-4CB1-4FEF-BA4C-9A8610E9622A}.Debug|Any CPU.ActiveCfg = Debug|Any CPU
		{ED3872DA-4CB1-4FEF-BA4C-9A8610E9622A}.Debug|Any CPU.Build.0 = Debug|Any CPU
		{ED3872DA-4CB1-4FEF-BA4C-9A8610E9622A}.Debug|ARM.ActiveCfg = Debug|Any CPU
		{ED3872DA-4CB1-4FEF-BA4C-9A8610E9622A}.Debug|ARM.Build.0 = Debug|Any CPU
		{ED3872DA-4CB1-4FEF-BA4C-9A8610E9622A}.Debug|iPhone.ActiveCfg = Debug|Any CPU
		{ED3872DA-4CB1-4FEF-BA4C-9A8610E9622A}.Debug|iPhone.Build.0 = Debug|Any CPU
		{ED3872DA-4CB1-4FEF-BA4C-9A8610E9622A}.Debug|iPhoneSimulator.ActiveCfg = Debug|Any CPU
		{ED3872DA-4CB1-4FEF-BA4C-9A8610E9622A}.Debug|iPhoneSimulator.Build.0 = Debug|Any CPU
		{ED3872DA-4CB1-4FEF-BA4C-9A8610E9622A}.Debug|x64.ActiveCfg = Debug|Any CPU
		{ED3872DA-4CB1-4FEF-BA4C-9A8610E9622A}.Debug|x64.Build.0 = Debug|Any CPU
		{ED3872DA-4CB1-4FEF-BA4C-9A8610E9622A}.Debug|x86.ActiveCfg = Debug|Any CPU
		{ED3872DA-4CB1-4FEF-BA4C-9A8610E9622A}.Debug|x86.Build.0 = Debug|Any CPU
		{ED3872DA-4CB1-4FEF-BA4C-9A8610E9622A}.Release|Any CPU.ActiveCfg = Release|Any CPU
		{ED3872DA-4CB1-4FEF-BA4C-9A8610E9622A}.Release|Any CPU.Build.0 = Release|Any CPU
		{ED3872DA-4CB1-4FEF-BA4C-9A8610E9622A}.Release|ARM.ActiveCfg = Release|Any CPU
		{ED3872DA-4CB1-4FEF-BA4C-9A8610E9622A}.Release|ARM.Build.0 = Release|Any CPU
		{ED3872DA-4CB1-4FEF-BA4C-9A8610E9622A}.Release|iPhone.ActiveCfg = Release|Any CPU
		{ED3872DA-4CB1-4FEF-BA4C-9A8610E9622A}.Release|iPhone.Build.0 = Release|Any CPU
		{ED3872DA-4CB1-4FEF-BA4C-9A8610E9622A}.Release|iPhoneSimulator.ActiveCfg = Release|Any CPU
		{ED3872DA-4CB1-4FEF-BA4C-9A8610E9622A}.Release|iPhoneSimulator.Build.0 = Release|Any CPU
		{ED3872DA-4CB1-4FEF-BA4C-9A8610E9622A}.Release|x64.ActiveCfg = Release|Any CPU
		{ED3872DA-4CB1-4FEF-BA4C-9A8610E9622A}.Release|x64.Build.0 = Release|Any CPU
		{ED3872DA-4CB1-4FEF-BA4C-9A8610E9622A}.Release|x86.ActiveCfg = Release|Any CPU
		{ED3872DA-4CB1-4FEF-BA4C-9A8610E9622A}.Release|x86.Build.0 = Release|Any CPU
		{3CF5EC51-780A-459B-9D87-3CE5B0C0C500}.Debug|Any CPU.ActiveCfg = Debug|Any CPU
		{3CF5EC51-780A-459B-9D87-3CE5B0C0C500}.Debug|Any CPU.Build.0 = Debug|Any CPU
		{3CF5EC51-780A-459B-9D87-3CE5B0C0C500}.Debug|ARM.ActiveCfg = Debug|Any CPU
		{3CF5EC51-780A-459B-9D87-3CE5B0C0C500}.Debug|ARM.Build.0 = Debug|Any CPU
		{3CF5EC51-780A-459B-9D87-3CE5B0C0C500}.Debug|iPhone.ActiveCfg = Debug|Any CPU
		{3CF5EC51-780A-459B-9D87-3CE5B0C0C500}.Debug|iPhone.Build.0 = Debug|Any CPU
		{3CF5EC51-780A-459B-9D87-3CE5B0C0C500}.Debug|iPhoneSimulator.ActiveCfg = Debug|Any CPU
		{3CF5EC51-780A-459B-9D87-3CE5B0C0C500}.Debug|iPhoneSimulator.Build.0 = Debug|Any CPU
		{3CF5EC51-780A-459B-9D87-3CE5B0C0C500}.Debug|x64.ActiveCfg = Debug|Any CPU
		{3CF5EC51-780A-459B-9D87-3CE5B0C0C500}.Debug|x64.Build.0 = Debug|Any CPU
		{3CF5EC51-780A-459B-9D87-3CE5B0C0C500}.Debug|x86.ActiveCfg = Debug|Any CPU
		{3CF5EC51-780A-459B-9D87-3CE5B0C0C500}.Debug|x86.Build.0 = Debug|Any CPU
		{3CF5EC51-780A-459B-9D87-3CE5B0C0C500}.Release|Any CPU.ActiveCfg = Release|Any CPU
		{3CF5EC51-780A-459B-9D87-3CE5B0C0C500}.Release|Any CPU.Build.0 = Release|Any CPU
		{3CF5EC51-780A-459B-9D87-3CE5B0C0C500}.Release|ARM.ActiveCfg = Release|Any CPU
		{3CF5EC51-780A-459B-9D87-3CE5B0C0C500}.Release|ARM.Build.0 = Release|Any CPU
		{3CF5EC51-780A-459B-9D87-3CE5B0C0C500}.Release|iPhone.ActiveCfg = Release|Any CPU
		{3CF5EC51-780A-459B-9D87-3CE5B0C0C500}.Release|iPhone.Build.0 = Release|Any CPU
		{3CF5EC51-780A-459B-9D87-3CE5B0C0C500}.Release|iPhoneSimulator.ActiveCfg = Release|Any CPU
		{3CF5EC51-780A-459B-9D87-3CE5B0C0C500}.Release|iPhoneSimulator.Build.0 = Release|Any CPU
		{3CF5EC51-780A-459B-9D87-3CE5B0C0C500}.Release|x64.ActiveCfg = Release|Any CPU
		{3CF5EC51-780A-459B-9D87-3CE5B0C0C500}.Release|x64.Build.0 = Release|Any CPU
		{3CF5EC51-780A-459B-9D87-3CE5B0C0C500}.Release|x86.ActiveCfg = Release|Any CPU
		{3CF5EC51-780A-459B-9D87-3CE5B0C0C500}.Release|x86.Build.0 = Release|Any CPU
		{E06FDAF9-88CF-44E7-9645-2AF54129B0A1}.Debug|Any CPU.ActiveCfg = Debug|x86
		{E06FDAF9-88CF-44E7-9645-2AF54129B0A1}.Debug|ARM.ActiveCfg = Debug|ARM
		{E06FDAF9-88CF-44E7-9645-2AF54129B0A1}.Debug|ARM.Build.0 = Debug|ARM
		{E06FDAF9-88CF-44E7-9645-2AF54129B0A1}.Debug|ARM.Deploy.0 = Debug|ARM
		{E06FDAF9-88CF-44E7-9645-2AF54129B0A1}.Debug|iPhone.ActiveCfg = Debug|x86
		{E06FDAF9-88CF-44E7-9645-2AF54129B0A1}.Debug|iPhoneSimulator.ActiveCfg = Debug|x86
		{E06FDAF9-88CF-44E7-9645-2AF54129B0A1}.Debug|x64.ActiveCfg = Debug|x64
		{E06FDAF9-88CF-44E7-9645-2AF54129B0A1}.Debug|x64.Build.0 = Debug|x64
		{E06FDAF9-88CF-44E7-9645-2AF54129B0A1}.Debug|x64.Deploy.0 = Debug|x64
		{E06FDAF9-88CF-44E7-9645-2AF54129B0A1}.Debug|x86.ActiveCfg = Debug|x86
		{E06FDAF9-88CF-44E7-9645-2AF54129B0A1}.Debug|x86.Build.0 = Debug|x86
		{E06FDAF9-88CF-44E7-9645-2AF54129B0A1}.Debug|x86.Deploy.0 = Debug|x86
		{E06FDAF9-88CF-44E7-9645-2AF54129B0A1}.Release|Any CPU.ActiveCfg = Release|x86
		{E06FDAF9-88CF-44E7-9645-2AF54129B0A1}.Release|ARM.ActiveCfg = Release|ARM
		{E06FDAF9-88CF-44E7-9645-2AF54129B0A1}.Release|ARM.Build.0 = Release|ARM
		{E06FDAF9-88CF-44E7-9645-2AF54129B0A1}.Release|ARM.Deploy.0 = Release|ARM
		{E06FDAF9-88CF-44E7-9645-2AF54129B0A1}.Release|iPhone.ActiveCfg = Release|x86
		{E06FDAF9-88CF-44E7-9645-2AF54129B0A1}.Release|iPhoneSimulator.ActiveCfg = Release|x86
		{E06FDAF9-88CF-44E7-9645-2AF54129B0A1}.Release|x64.ActiveCfg = Release|x64
		{E06FDAF9-88CF-44E7-9645-2AF54129B0A1}.Release|x64.Build.0 = Release|x64
		{E06FDAF9-88CF-44E7-9645-2AF54129B0A1}.Release|x64.Deploy.0 = Release|x64
		{E06FDAF9-88CF-44E7-9645-2AF54129B0A1}.Release|x86.ActiveCfg = Release|x86
		{E06FDAF9-88CF-44E7-9645-2AF54129B0A1}.Release|x86.Build.0 = Release|x86
		{E06FDAF9-88CF-44E7-9645-2AF54129B0A1}.Release|x86.Deploy.0 = Release|x86
		{ED27DF31-D336-489C-8F14-044E1B72889E}.Debug|Any CPU.ActiveCfg = Debug|Any CPU
		{ED27DF31-D336-489C-8F14-044E1B72889E}.Debug|Any CPU.Build.0 = Debug|Any CPU
		{ED27DF31-D336-489C-8F14-044E1B72889E}.Debug|Any CPU.Deploy.0 = Debug|Any CPU
		{ED27DF31-D336-489C-8F14-044E1B72889E}.Debug|ARM.ActiveCfg = Debug|Any CPU
		{ED27DF31-D336-489C-8F14-044E1B72889E}.Debug|ARM.Build.0 = Debug|Any CPU
		{ED27DF31-D336-489C-8F14-044E1B72889E}.Debug|ARM.Deploy.0 = Debug|Any CPU
		{ED27DF31-D336-489C-8F14-044E1B72889E}.Debug|iPhone.ActiveCfg = Debug|Any CPU
		{ED27DF31-D336-489C-8F14-044E1B72889E}.Debug|iPhone.Build.0 = Debug|Any CPU
		{ED27DF31-D336-489C-8F14-044E1B72889E}.Debug|iPhone.Deploy.0 = Debug|Any CPU
		{ED27DF31-D336-489C-8F14-044E1B72889E}.Debug|iPhoneSimulator.ActiveCfg = Debug|Any CPU
		{ED27DF31-D336-489C-8F14-044E1B72889E}.Debug|iPhoneSimulator.Build.0 = Debug|Any CPU
		{ED27DF31-D336-489C-8F14-044E1B72889E}.Debug|iPhoneSimulator.Deploy.0 = Debug|Any CPU
		{ED27DF31-D336-489C-8F14-044E1B72889E}.Debug|x64.ActiveCfg = Debug|Any CPU
		{ED27DF31-D336-489C-8F14-044E1B72889E}.Debug|x64.Build.0 = Debug|Any CPU
		{ED27DF31-D336-489C-8F14-044E1B72889E}.Debug|x64.Deploy.0 = Debug|Any CPU
		{ED27DF31-D336-489C-8F14-044E1B72889E}.Debug|x86.ActiveCfg = Debug|Any CPU
		{ED27DF31-D336-489C-8F14-044E1B72889E}.Debug|x86.Build.0 = Debug|Any CPU
		{ED27DF31-D336-489C-8F14-044E1B72889E}.Debug|x86.Deploy.0 = Debug|Any CPU
		{ED27DF31-D336-489C-8F14-044E1B72889E}.Release|Any CPU.ActiveCfg = Release|Any CPU
		{ED27DF31-D336-489C-8F14-044E1B72889E}.Release|Any CPU.Build.0 = Release|Any CPU
		{ED27DF31-D336-489C-8F14-044E1B72889E}.Release|Any CPU.Deploy.0 = Release|Any CPU
		{ED27DF31-D336-489C-8F14-044E1B72889E}.Release|ARM.ActiveCfg = Release|Any CPU
		{ED27DF31-D336-489C-8F14-044E1B72889E}.Release|ARM.Build.0 = Release|Any CPU
		{ED27DF31-D336-489C-8F14-044E1B72889E}.Release|ARM.Deploy.0 = Release|Any CPU
		{ED27DF31-D336-489C-8F14-044E1B72889E}.Release|iPhone.ActiveCfg = Release|Any CPU
		{ED27DF31-D336-489C-8F14-044E1B72889E}.Release|iPhone.Build.0 = Release|Any CPU
		{ED27DF31-D336-489C-8F14-044E1B72889E}.Release|iPhone.Deploy.0 = Release|Any CPU
		{ED27DF31-D336-489C-8F14-044E1B72889E}.Release|iPhoneSimulator.ActiveCfg = Release|Any CPU
		{ED27DF31-D336-489C-8F14-044E1B72889E}.Release|iPhoneSimulator.Build.0 = Release|Any CPU
		{ED27DF31-D336-489C-8F14-044E1B72889E}.Release|iPhoneSimulator.Deploy.0 = Release|Any CPU
		{ED27DF31-D336-489C-8F14-044E1B72889E}.Release|x64.ActiveCfg = Release|Any CPU
		{ED27DF31-D336-489C-8F14-044E1B72889E}.Release|x64.Build.0 = Release|Any CPU
		{ED27DF31-D336-489C-8F14-044E1B72889E}.Release|x64.Deploy.0 = Release|Any CPU
		{ED27DF31-D336-489C-8F14-044E1B72889E}.Release|x86.ActiveCfg = Release|Any CPU
		{ED27DF31-D336-489C-8F14-044E1B72889E}.Release|x86.Build.0 = Release|Any CPU
		{ED27DF31-D336-489C-8F14-044E1B72889E}.Release|x86.Deploy.0 = Release|Any CPU
		{76F10F87-DBC0-4FE9-9575-32D739ECD149}.Debug|Any CPU.ActiveCfg = Debug|iPhone
		{76F10F87-DBC0-4FE9-9575-32D739ECD149}.Debug|ARM.ActiveCfg = Debug|iPhone
		{76F10F87-DBC0-4FE9-9575-32D739ECD149}.Debug|iPhone.ActiveCfg = Debug|iPhone
		{76F10F87-DBC0-4FE9-9575-32D739ECD149}.Debug|iPhone.Build.0 = Debug|iPhone
		{76F10F87-DBC0-4FE9-9575-32D739ECD149}.Debug|iPhoneSimulator.ActiveCfg = Debug|iPhoneSimulator
		{76F10F87-DBC0-4FE9-9575-32D739ECD149}.Debug|iPhoneSimulator.Build.0 = Debug|iPhoneSimulator
		{76F10F87-DBC0-4FE9-9575-32D739ECD149}.Debug|x64.ActiveCfg = Debug|iPhone
		{76F10F87-DBC0-4FE9-9575-32D739ECD149}.Debug|x86.ActiveCfg = Debug|iPhone
		{76F10F87-DBC0-4FE9-9575-32D739ECD149}.Release|Any CPU.ActiveCfg = Release|iPhone
		{76F10F87-DBC0-4FE9-9575-32D739ECD149}.Release|ARM.ActiveCfg = Release|iPhone
		{76F10F87-DBC0-4FE9-9575-32D739ECD149}.Release|iPhone.ActiveCfg = Release|iPhone
		{76F10F87-DBC0-4FE9-9575-32D739ECD149}.Release|iPhone.Build.0 = Release|iPhone
		{76F10F87-DBC0-4FE9-9575-32D739ECD149}.Release|iPhoneSimulator.ActiveCfg = Release|iPhoneSimulator
		{76F10F87-DBC0-4FE9-9575-32D739ECD149}.Release|iPhoneSimulator.Build.0 = Release|iPhoneSimulator
		{76F10F87-DBC0-4FE9-9575-32D739ECD149}.Release|x64.ActiveCfg = Release|iPhone
		{76F10F87-DBC0-4FE9-9575-32D739ECD149}.Release|x86.ActiveCfg = Release|iPhone
		{915AE191-2F4D-47B1-A53B-59D94CB3071B}.Debug|Any CPU.ActiveCfg = Debug|Any CPU
		{915AE191-2F4D-47B1-A53B-59D94CB3071B}.Debug|Any CPU.Build.0 = Debug|Any CPU
		{915AE191-2F4D-47B1-A53B-59D94CB3071B}.Debug|ARM.ActiveCfg = Debug|Any CPU
		{915AE191-2F4D-47B1-A53B-59D94CB3071B}.Debug|ARM.Build.0 = Debug|Any CPU
		{915AE191-2F4D-47B1-A53B-59D94CB3071B}.Debug|iPhone.ActiveCfg = Debug|Any CPU
		{915AE191-2F4D-47B1-A53B-59D94CB3071B}.Debug|iPhone.Build.0 = Debug|Any CPU
		{915AE191-2F4D-47B1-A53B-59D94CB3071B}.Debug|iPhoneSimulator.ActiveCfg = Debug|Any CPU
		{915AE191-2F4D-47B1-A53B-59D94CB3071B}.Debug|iPhoneSimulator.Build.0 = Debug|Any CPU
		{915AE191-2F4D-47B1-A53B-59D94CB3071B}.Debug|x64.ActiveCfg = Debug|Any CPU
		{915AE191-2F4D-47B1-A53B-59D94CB3071B}.Debug|x64.Build.0 = Debug|Any CPU
		{915AE191-2F4D-47B1-A53B-59D94CB3071B}.Debug|x86.ActiveCfg = Debug|Any CPU
		{915AE191-2F4D-47B1-A53B-59D94CB3071B}.Debug|x86.Build.0 = Debug|Any CPU
		{915AE191-2F4D-47B1-A53B-59D94CB3071B}.Release|Any CPU.ActiveCfg = Release|Any CPU
		{915AE191-2F4D-47B1-A53B-59D94CB3071B}.Release|Any CPU.Build.0 = Release|Any CPU
		{915AE191-2F4D-47B1-A53B-59D94CB3071B}.Release|ARM.ActiveCfg = Release|Any CPU
		{915AE191-2F4D-47B1-A53B-59D94CB3071B}.Release|ARM.Build.0 = Release|Any CPU
		{915AE191-2F4D-47B1-A53B-59D94CB3071B}.Release|iPhone.ActiveCfg = Release|Any CPU
		{915AE191-2F4D-47B1-A53B-59D94CB3071B}.Release|iPhone.Build.0 = Release|Any CPU
		{915AE191-2F4D-47B1-A53B-59D94CB3071B}.Release|iPhoneSimulator.ActiveCfg = Release|Any CPU
		{915AE191-2F4D-47B1-A53B-59D94CB3071B}.Release|iPhoneSimulator.Build.0 = Release|Any CPU
		{915AE191-2F4D-47B1-A53B-59D94CB3071B}.Release|x64.ActiveCfg = Release|Any CPU
		{915AE191-2F4D-47B1-A53B-59D94CB3071B}.Release|x64.Build.0 = Release|Any CPU
		{915AE191-2F4D-47B1-A53B-59D94CB3071B}.Release|x86.ActiveCfg = Release|Any CPU
		{915AE191-2F4D-47B1-A53B-59D94CB3071B}.Release|x86.Build.0 = Release|Any CPU
	EndGlobalSection
	GlobalSection(SolutionProperties) = preSolution
		HideSolutionNode = FALSE
	EndGlobalSection
	GlobalSection(ExtensibilityGlobals) = postSolution
		SolutionGuid = {F7BDCC92-340A-454B-AF74-66C602EDD684}
	EndGlobalSection
EndGlobal
