
Microsoft Visual Studio Solution File, Format Version 12.00
# Visual Studio Version 16
VisualStudioVersion = 16.0.29519.87
MinimumVisualStudioVersion = 10.0.40219.1
Project("{9A19103F-16F7-4668-BE54-9A1E7A4F7556}") = "WebPlatformAPI.Common", "WebPlatformAPI.Common\WebPlatformAPI.Common.csproj", "{47DBFA31-4FD8-4506-ABC7-92F595801647}"
EndProject
Project("{9A19103F-16F7-4668-BE54-9A1E7A4F7556}") = "WebPlatformAPI.Angular", "WebPlatformAPI.Angular\WebPlatformAPI.Angular.csproj", "{10FA0ED6-2A2E-4F0A-BA02-4CED2B7961D7}"
EndProject
Project("{FAE04EC0-301F-11D3-BF4B-00C04F79EFBC}") = "WebPlatformAPI.Mobile", "WebPlatformAPI.Mobile\WebPlatformAPI.Mobile\WebPlatformAPI.Mobile.csproj", "{0A6E14F2-0B39-497B-A638-5C665EF4ACA7}"
EndProject
Project("{FAE04EC0-301F-11D3-BF4B-00C04F79EFBC}") = "WebPlatformAPI.Mobile.Android", "WebPlatformAPI.Mobile\WebPlatformAPI.Mobile.Android\WebPlatformAPI.Mobile.Android.csproj", "{4C95C61D-6736-4420-A0DC-FDCF60FDF48F}"
EndProject
Project("{FAE04EC0-301F-11D3-BF4B-00C04F79EFBC}") = "WebPlatformAPI.Mobile.iOS", "WebPlatformAPI.Mobile\WebPlatformAPI.Mobile.iOS\WebPlatformAPI.Mobile.iOS.csproj", "{0D0EE465-C7A2-4C56-8222-F615D9FC2B5E}"
EndProject
Global
	GlobalSection(SolutionConfigurationPlatforms) = preSolution
		Ad-Hoc|Any CPU = Ad-Hoc|Any CPU
		Ad-Hoc|iPhone = Ad-Hoc|iPhone
		Ad-Hoc|iPhoneSimulator = Ad-Hoc|iPhoneSimulator
		AppStore|Any CPU = AppStore|Any CPU
		AppStore|iPhone = AppStore|iPhone
		AppStore|iPhoneSimulator = AppStore|iPhoneSimulator
		Debug|Any CPU = Debug|Any CPU
		Debug|iPhone = Debug|iPhone
		Debug|iPhoneSimulator = Debug|iPhoneSimulator
		Release|Any CPU = Release|Any CPU
		Release|iPhone = Release|iPhone
		Release|iPhoneSimulator = Release|iPhoneSimulator
	EndGlobalSection
	GlobalSection(ProjectConfigurationPlatforms) = postSolution
		{47DBFA31-4FD8-4506-ABC7-92F595801647}.Ad-Hoc|Any CPU.ActiveCfg = Release|Any CPU
		{47DBFA31-4FD8-4506-ABC7-92F595801647}.Ad-Hoc|Any CPU.Build.0 = Release|Any CPU
		{47DBFA31-4FD8-4506-ABC7-92F595801647}.Ad-Hoc|iPhone.ActiveCfg = Release|Any CPU
		{47DBFA31-4FD8-4506-ABC7-92F595801647}.Ad-Hoc|iPhone.Build.0 = Release|Any CPU
		{47DBFA31-4FD8-4506-ABC7-92F595801647}.Ad-Hoc|iPhoneSimulator.ActiveCfg = Release|Any CPU
		{47DBFA31-4FD8-4506-ABC7-92F595801647}.Ad-Hoc|iPhoneSimulator.Build.0 = Release|Any CPU
		{47DBFA31-4FD8-4506-ABC7-92F595801647}.AppStore|Any CPU.ActiveCfg = Release|Any CPU
		{47DBFA31-4FD8-4506-ABC7-92F595801647}.AppStore|Any CPU.Build.0 = Release|Any CPU
		{47DBFA31-4FD8-4506-ABC7-92F595801647}.AppStore|iPhone.ActiveCfg = Release|Any CPU
		{47DBFA31-4FD8-4506-ABC7-92F595801647}.AppStore|iPhone.Build.0 = Release|Any CPU
		{47DBFA31-4FD8-4506-ABC7-92F595801647}.AppStore|iPhoneSimulator.ActiveCfg = Release|Any CPU
		{47DBFA31-4FD8-4506-ABC7-92F595801647}.AppStore|iPhoneSimulator.Build.0 = Release|Any CPU
		{47DBFA31-4FD8-4506-ABC7-92F595801647}.Debug|Any CPU.ActiveCfg = Debug|Any CPU
		{47DBFA31-4FD8-4506-ABC7-92F595801647}.Debug|Any CPU.Build.0 = Debug|Any CPU
		{47DBFA31-4FD8-4506-ABC7-92F595801647}.Debug|iPhone.ActiveCfg = Debug|Any CPU
		{47DBFA31-4FD8-4506-ABC7-92F595801647}.Debug|iPhone.Build.0 = Debug|Any CPU
		{47DBFA31-4FD8-4506-ABC7-92F595801647}.Debug|iPhoneSimulator.ActiveCfg = Debug|Any CPU
		{47DBFA31-4FD8-4506-ABC7-92F595801647}.Debug|iPhoneSimulator.Build.0 = Debug|Any CPU
		{47DBFA31-4FD8-4506-ABC7-92F595801647}.Release|Any CPU.ActiveCfg = Release|Any CPU
		{47DBFA31-4FD8-4506-ABC7-92F595801647}.Release|Any CPU.Build.0 = Release|Any CPU
		{47DBFA31-4FD8-4506-ABC7-92F595801647}.Release|iPhone.ActiveCfg = Release|Any CPU
		{47DBFA31-4FD8-4506-ABC7-92F595801647}.Release|iPhone.Build.0 = Release|Any CPU
		{47DBFA31-4FD8-4506-ABC7-92F595801647}.Release|iPhoneSimulator.ActiveCfg = Release|Any CPU
		{47DBFA31-4FD8-4506-ABC7-92F595801647}.Release|iPhoneSimulator.Build.0 = Release|Any CPU
		{10FA0ED6-2A2E-4F0A-BA02-4CED2B7961D7}.Ad-Hoc|Any CPU.ActiveCfg = Release|Any CPU
		{10FA0ED6-2A2E-4F0A-BA02-4CED2B7961D7}.Ad-Hoc|Any CPU.Build.0 = Release|Any CPU
		{10FA0ED6-2A2E-4F0A-BA02-4CED2B7961D7}.Ad-Hoc|iPhone.ActiveCfg = Release|Any CPU
		{10FA0ED6-2A2E-4F0A-BA02-4CED2B7961D7}.Ad-Hoc|iPhone.Build.0 = Release|Any CPU
		{10FA0ED6-2A2E-4F0A-BA02-4CED2B7961D7}.Ad-Hoc|iPhoneSimulator.ActiveCfg = Release|Any CPU
		{10FA0ED6-2A2E-4F0A-BA02-4CED2B7961D7}.Ad-Hoc|iPhoneSimulator.Build.0 = Release|Any CPU
		{10FA0ED6-2A2E-4F0A-BA02-4CED2B7961D7}.AppStore|Any CPU.ActiveCfg = Release|Any CPU
		{10FA0ED6-2A2E-4F0A-BA02-4CED2B7961D7}.AppStore|Any CPU.Build.0 = Release|Any CPU
		{10FA0ED6-2A2E-4F0A-BA02-4CED2B7961D7}.AppStore|iPhone.ActiveCfg = Release|Any CPU
		{10FA0ED6-2A2E-4F0A-BA02-4CED2B7961D7}.AppStore|iPhone.Build.0 = Release|Any CPU
		{10FA0ED6-2A2E-4F0A-BA02-4CED2B7961D7}.AppStore|iPhoneSimulator.ActiveCfg = Release|Any CPU
		{10FA0ED6-2A2E-4F0A-BA02-4CED2B7961D7}.AppStore|iPhoneSimulator.Build.0 = Release|Any CPU
		{10FA0ED6-2A2E-4F0A-BA02-4CED2B7961D7}.Debug|Any CPU.ActiveCfg = Debug|Any CPU
		{10FA0ED6-2A2E-4F0A-BA02-4CED2B7961D7}.Debug|Any CPU.Build.0 = Debug|Any CPU
		{10FA0ED6-2A2E-4F0A-BA02-4CED2B7961D7}.Debug|iPhone.ActiveCfg = Debug|Any CPU
		{10FA0ED6-2A2E-4F0A-BA02-4CED2B7961D7}.Debug|iPhone.Build.0 = Debug|Any CPU
		{10FA0ED6-2A2E-4F0A-BA02-4CED2B7961D7}.Debug|iPhoneSimulator.ActiveCfg = Debug|Any CPU
		{10FA0ED6-2A2E-4F0A-BA02-4CED2B7961D7}.Debug|iPhoneSimulator.Build.0 = Debug|Any CPU
		{10FA0ED6-2A2E-4F0A-BA02-4CED2B7961D7}.Release|Any CPU.ActiveCfg = Release|Any CPU
		{10FA0ED6-2A2E-4F0A-BA02-4CED2B7961D7}.Release|Any CPU.Build.0 = Release|Any CPU
		{10FA0ED6-2A2E-4F0A-BA02-4CED2B7961D7}.Release|iPhone.ActiveCfg = Release|Any CPU
		{10FA0ED6-2A2E-4F0A-BA02-4CED2B7961D7}.Release|iPhone.Build.0 = Release|Any CPU
		{10FA0ED6-2A2E-4F0A-BA02-4CED2B7961D7}.Release|iPhoneSimulator.ActiveCfg = Release|Any CPU
		{10FA0ED6-2A2E-4F0A-BA02-4CED2B7961D7}.Release|iPhoneSimulator.Build.0 = Release|Any CPU
		{0A6E14F2-0B39-497B-A638-5C665EF4ACA7}.Ad-Hoc|Any CPU.ActiveCfg = Debug|Any CPU
		{0A6E14F2-0B39-497B-A638-5C665EF4ACA7}.Ad-Hoc|Any CPU.Build.0 = Debug|Any CPU
		{0A6E14F2-0B39-497B-A638-5C665EF4ACA7}.Ad-Hoc|iPhone.ActiveCfg = Debug|Any CPU
		{0A6E14F2-0B39-497B-A638-5C665EF4ACA7}.Ad-Hoc|iPhone.Build.0 = Debug|Any CPU
		{0A6E14F2-0B39-497B-A638-5C665EF4ACA7}.Ad-Hoc|iPhoneSimulator.ActiveCfg = Debug|Any CPU
		{0A6E14F2-0B39-497B-A638-5C665EF4ACA7}.Ad-Hoc|iPhoneSimulator.Build.0 = Debug|Any CPU
		{0A6E14F2-0B39-497B-A638-5C665EF4ACA7}.AppStore|Any CPU.ActiveCfg = Debug|Any CPU
		{0A6E14F2-0B39-497B-A638-5C665EF4ACA7}.AppStore|Any CPU.Build.0 = Debug|Any CPU
		{0A6E14F2-0B39-497B-A638-5C665EF4ACA7}.AppStore|iPhone.ActiveCfg = Debug|Any CPU
		{0A6E14F2-0B39-497B-A638-5C665EF4ACA7}.AppStore|iPhone.Build.0 = Debug|Any CPU
		{0A6E14F2-0B39-497B-A638-5C665EF4ACA7}.AppStore|iPhoneSimulator.ActiveCfg = Debug|Any CPU
		{0A6E14F2-0B39-497B-A638-5C665EF4ACA7}.AppStore|iPhoneSimulator.Build.0 = Debug|Any CPU
		{0A6E14F2-0B39-497B-A638-5C665EF4ACA7}.Debug|Any CPU.ActiveCfg = Debug|Any CPU
		{0A6E14F2-0B39-497B-A638-5C665EF4ACA7}.Debug|Any CPU.Build.0 = Debug|Any CPU
		{0A6E14F2-0B39-497B-A638-5C665EF4ACA7}.Debug|iPhone.ActiveCfg = Debug|Any CPU
		{0A6E14F2-0B39-497B-A638-5C665EF4ACA7}.Debug|iPhone.Build.0 = Debug|Any CPU
		{0A6E14F2-0B39-497B-A638-5C665EF4ACA7}.Debug|iPhoneSimulator.ActiveCfg = Debug|Any CPU
		{0A6E14F2-0B39-497B-A638-5C665EF4ACA7}.Debug|iPhoneSimulator.Build.0 = Debug|Any CPU
		{0A6E14F2-0B39-497B-A638-5C665EF4ACA7}.Release|Any CPU.ActiveCfg = Release|Any CPU
		{0A6E14F2-0B39-497B-A638-5C665EF4ACA7}.Release|Any CPU.Build.0 = Release|Any CPU
		{0A6E14F2-0B39-497B-A638-5C665EF4ACA7}.Release|iPhone.ActiveCfg = Release|Any CPU
		{0A6E14F2-0B39-497B-A638-5C665EF4ACA7}.Release|iPhone.Build.0 = Release|Any CPU
		{0A6E14F2-0B39-497B-A638-5C665EF4ACA7}.Release|iPhoneSimulator.ActiveCfg = Release|Any CPU
		{0A6E14F2-0B39-497B-A638-5C665EF4ACA7}.Release|iPhoneSimulator.Build.0 = Release|Any CPU
		{4C95C61D-6736-4420-A0DC-FDCF60FDF48F}.Ad-Hoc|Any CPU.ActiveCfg = Release|Any CPU
		{4C95C61D-6736-4420-A0DC-FDCF60FDF48F}.Ad-Hoc|Any CPU.Build.0 = Release|Any CPU
		{4C95C61D-6736-4420-A0DC-FDCF60FDF48F}.Ad-Hoc|Any CPU.Deploy.0 = Release|Any CPU
		{4C95C61D-6736-4420-A0DC-FDCF60FDF48F}.Ad-Hoc|iPhone.ActiveCfg = Release|Any CPU
		{4C95C61D-6736-4420-A0DC-FDCF60FDF48F}.Ad-Hoc|iPhone.Build.0 = Release|Any CPU
		{4C95C61D-6736-4420-A0DC-FDCF60FDF48F}.Ad-Hoc|iPhone.Deploy.0 = Release|Any CPU
		{4C95C61D-6736-4420-A0DC-FDCF60FDF48F}.Ad-Hoc|iPhoneSimulator.ActiveCfg = Release|Any CPU
		{4C95C61D-6736-4420-A0DC-FDCF60FDF48F}.Ad-Hoc|iPhoneSimulator.Build.0 = Release|Any CPU
		{4C95C61D-6736-4420-A0DC-FDCF60FDF48F}.Ad-Hoc|iPhoneSimulator.Deploy.0 = Release|Any CPU
		{4C95C61D-6736-4420-A0DC-FDCF60FDF48F}.AppStore|Any CPU.ActiveCfg = Release|Any CPU
		{4C95C61D-6736-4420-A0DC-FDCF60FDF48F}.AppStore|Any CPU.Build.0 = Release|Any CPU
		{4C95C61D-6736-4420-A0DC-FDCF60FDF48F}.AppStore|Any CPU.Deploy.0 = Release|Any CPU
		{4C95C61D-6736-4420-A0DC-FDCF60FDF48F}.AppStore|iPhone.ActiveCfg = Release|Any CPU
		{4C95C61D-6736-4420-A0DC-FDCF60FDF48F}.AppStore|iPhone.Build.0 = Release|Any CPU
		{4C95C61D-6736-4420-A0DC-FDCF60FDF48F}.AppStore|iPhone.Deploy.0 = Release|Any CPU
		{4C95C61D-6736-4420-A0DC-FDCF60FDF48F}.AppStore|iPhoneSimulator.ActiveCfg = Release|Any CPU
		{4C95C61D-6736-4420-A0DC-FDCF60FDF48F}.AppStore|iPhoneSimulator.Build.0 = Release|Any CPU
		{4C95C61D-6736-4420-A0DC-FDCF60FDF48F}.AppStore|iPhoneSimulator.Deploy.0 = Release|Any CPU
		{4C95C61D-6736-4420-A0DC-FDCF60FDF48F}.Debug|Any CPU.ActiveCfg = Debug|Any CPU
		{4C95C61D-6736-4420-A0DC-FDCF60FDF48F}.Debug|Any CPU.Build.0 = Debug|Any CPU
		{4C95C61D-6736-4420-A0DC-FDCF60FDF48F}.Debug|Any CPU.Deploy.0 = Debug|Any CPU
		{4C95C61D-6736-4420-A0DC-FDCF60FDF48F}.Debug|iPhone.ActiveCfg = Debug|Any CPU
		{4C95C61D-6736-4420-A0DC-FDCF60FDF48F}.Debug|iPhone.Build.0 = Debug|Any CPU
		{4C95C61D-6736-4420-A0DC-FDCF60FDF48F}.Debug|iPhone.Deploy.0 = Debug|Any CPU
		{4C95C61D-6736-4420-A0DC-FDCF60FDF48F}.Debug|iPhoneSimulator.ActiveCfg = Debug|Any CPU
		{4C95C61D-6736-4420-A0DC-FDCF60FDF48F}.Debug|iPhoneSimulator.Build.0 = Debug|Any CPU
		{4C95C61D-6736-4420-A0DC-FDCF60FDF48F}.Debug|iPhoneSimulator.Deploy.0 = Debug|Any CPU
		{4C95C61D-6736-4420-A0DC-FDCF60FDF48F}.Release|Any CPU.ActiveCfg = Release|Any CPU
		{4C95C61D-6736-4420-A0DC-FDCF60FDF48F}.Release|Any CPU.Build.0 = Release|Any CPU
		{4C95C61D-6736-4420-A0DC-FDCF60FDF48F}.Release|Any CPU.Deploy.0 = Release|Any CPU
		{4C95C61D-6736-4420-A0DC-FDCF60FDF48F}.Release|iPhone.ActiveCfg = Release|Any CPU
		{4C95C61D-6736-4420-A0DC-FDCF60FDF48F}.Release|iPhone.Build.0 = Release|Any CPU
		{4C95C61D-6736-4420-A0DC-FDCF60FDF48F}.Release|iPhone.Deploy.0 = Release|Any CPU
		{4C95C61D-6736-4420-A0DC-FDCF60FDF48F}.Release|iPhoneSimulator.ActiveCfg = Release|Any CPU
		{4C95C61D-6736-4420-A0DC-FDCF60FDF48F}.Release|iPhoneSimulator.Build.0 = Release|Any CPU
		{4C95C61D-6736-4420-A0DC-FDCF60FDF48F}.Release|iPhoneSimulator.Deploy.0 = Release|Any CPU
		{0D0EE465-C7A2-4C56-8222-F615D9FC2B5E}.Ad-Hoc|Any CPU.ActiveCfg = Ad-Hoc|iPhone
		{0D0EE465-C7A2-4C56-8222-F615D9FC2B5E}.Ad-Hoc|iPhone.ActiveCfg = Ad-Hoc|iPhone
		{0D0EE465-C7A2-4C56-8222-F615D9FC2B5E}.Ad-Hoc|iPhone.Build.0 = Ad-Hoc|iPhone
		{0D0EE465-C7A2-4C56-8222-F615D9FC2B5E}.Ad-Hoc|iPhoneSimulator.ActiveCfg = Ad-Hoc|iPhoneSimulator
		{0D0EE465-C7A2-4C56-8222-F615D9FC2B5E}.Ad-Hoc|iPhoneSimulator.Build.0 = Ad-Hoc|iPhoneSimulator
		{0D0EE465-C7A2-4C56-8222-F615D9FC2B5E}.AppStore|Any CPU.ActiveCfg = AppStore|iPhone
		{0D0EE465-C7A2-4C56-8222-F615D9FC2B5E}.AppStore|iPhone.ActiveCfg = AppStore|iPhone
		{0D0EE465-C7A2-4C56-8222-F615D9FC2B5E}.AppStore|iPhone.Build.0 = AppStore|iPhone
		{0D0EE465-C7A2-4C56-8222-F615D9FC2B5E}.AppStore|iPhoneSimulator.ActiveCfg = AppStore|iPhoneSimulator
		{0D0EE465-C7A2-4C56-8222-F615D9FC2B5E}.AppStore|iPhoneSimulator.Build.0 = AppStore|iPhoneSimulator
		{0D0EE465-C7A2-4C56-8222-F615D9FC2B5E}.Debug|Any CPU.ActiveCfg = Debug|iPhone
		{0D0EE465-C7A2-4C56-8222-F615D9FC2B5E}.Debug|iPhone.ActiveCfg = Debug|iPhone
		{0D0EE465-C7A2-4C56-8222-F615D9FC2B5E}.Debug|iPhone.Build.0 = Debug|iPhone
		{0D0EE465-C7A2-4C56-8222-F615D9FC2B5E}.Debug|iPhoneSimulator.ActiveCfg = Debug|iPhoneSimulator
		{0D0EE465-C7A2-4C56-8222-F615D9FC2B5E}.Debug|iPhoneSimulator.Build.0 = Debug|iPhoneSimulator
		{0D0EE465-C7A2-4C56-8222-F615D9FC2B5E}.Release|Any CPU.ActiveCfg = Release|iPhone
		{0D0EE465-C7A2-4C56-8222-F615D9FC2B5E}.Release|iPhone.ActiveCfg = Release|iPhone
		{0D0EE465-C7A2-4C56-8222-F615D9FC2B5E}.Release|iPhone.Build.0 = Release|iPhone
		{0D0EE465-C7A2-4C56-8222-F615D9FC2B5E}.Release|iPhoneSimulator.ActiveCfg = Release|iPhoneSimulator
		{0D0EE465-C7A2-4C56-8222-F615D9FC2B5E}.Release|iPhoneSimulator.Build.0 = Release|iPhoneSimulator
	EndGlobalSection
	GlobalSection(SolutionProperties) = preSolution
		HideSolutionNode = FALSE
	EndGlobalSection
	GlobalSection(ExtensibilityGlobals) = postSolution
		SolutionGuid = {74FCA8EB-CC19-4905-818E-B334A1D12597}
	EndGlobalSection
EndGlobal
